// !$*UTF8*$!
{
	archiveVersion = 1;
	classes = {
	};
	objectVersion = 56;
	objects = {

/* Begin PBXBuildFile section */
		D4BEED912E3EB3EB00A45974 /* SettingsView.swift in Sources */ = {isa = PBXBuildFile; fileRef = D4BEED902E3EB3EB00A45974 /* SettingsView.swift */; };
		D4C7B2A82E3E205A002B087F /* ecp_clientApp.swift in Sources */ = {isa = PBXBuildFile; fileRef = D4C7B2A72E3E205A002B087F /* ecp_clientApp.swift */; };
		D4C7B2AA2E3E205A002B087F /* ContentView.swift in Sources */ = {isa = PBXBuildFile; fileRef = D4C7B2A92E3E205A002B087F /* ContentView.swift */; };
		D4C7B2AC2E3E205C002B087F /* Assets.xcassets in Resources */ = {isa = PBXBuildFile; fileRef = D4C7B2AB2E3E205C002B087F /* Assets.xcassets */; };
		D4C7B2AF2E3E205C002B087F /* Preview Assets.xcassets in Resources */ = {isa = PBXBuildFile; fileRef = D4C7B2AE2E3E205C002B087F /* Preview Assets.xcassets */; };
		D4C7B2B92E3E2C62002B087F /* ComposeCommentView.swift in Sources */ = {isa = PBXBuildFile; fileRef = D4C7B2B82E3E2C62002B087F /* ComposeCommentView.swift */; };
		D4C7B2BE2E3E3BA6002B087F /* Blockies.swift in Sources */ = {isa = PBXBuildFile; fileRef = D4C7B2BD2E3E3BA6002B087F /* Blockies.swift */; };
		D4C7B2C02E3E67D9002B087F /* UserDetailView.swift in Sources */ = {isa = PBXBuildFile; fileRef = D4C7B2BF2E3E67D9002B087F /* UserDetailView.swift */; };
		D4C7B2C22E3E9DB5002B087F /* BlockiesAvatarView.swift in Sources */ = {isa = PBXBuildFile; fileRef = D4C7B2C12E3E9DB5002B087F /* BlockiesAvatarView.swift */; };
		D4C7B2C42E3E9DBB002B087F /* ContentParser.swift in Sources */ = {isa = PBXBuildFile; fileRef = D4C7B2C32E3E9DBB002B087F /* ContentParser.swift */; };
		D4C7B2CB2E3E9DD8002B087F /* CommentSkeletonView.swift in Sources */ = {isa = PBXBuildFile; fileRef = D4C7B2C52E3E9DD8002B087F /* CommentSkeletonView.swift */; };
		D4C7B2CC2E3E9DD8002B087F /* ReferenceChip.swift in Sources */ = {isa = PBXBuildFile; fileRef = D4C7B2C62E3E9DD8002B087F /* ReferenceChip.swift */; };
		D4C7B2CD2E3E9DD8002B087F /* RepliesView.swift in Sources */ = {isa = PBXBuildFile; fileRef = D4C7B2C72E3E9DD8002B087F /* RepliesView.swift */; };
		D4C7B2CF2E3E9DD8002B087F /* CommentRowView.swift in Sources */ = {isa = PBXBuildFile; fileRef = D4C7B2C92E3E9DD8002B087F /* CommentRowView.swift */; };
		D4C7B2D02E3E9DD8002B087F /* ParsedContentView.swift in Sources */ = {isa = PBXBuildFile; fileRef = D4C7B2CA2E3E9DD8002B087F /* ParsedContentView.swift */; };
		D4C7B2D32E3EACF7002B087F /* Web3 in Frameworks */ = {isa = PBXBuildFile; productRef = D4C7B2D22E3EACF7002B087F /* Web3 */; };
		D4C7B2D52E3EACF7002B087F /* Web3ContractABI in Frameworks */ = {isa = PBXBuildFile; productRef = D4C7B2D42E3EACF7002B087F /* Web3ContractABI */; };
		D4C7B2D72E3EACF7002B087F /* Web3PromiseKit in Frameworks */ = {isa = PBXBuildFile; productRef = D4C7B2D62E3EACF7002B087F /* Web3PromiseKit */; };
		D4C7B2D92E3EAFD9002B087F /* KeychainManager.swift in Sources */ = {isa = PBXBuildFile; fileRef = D4C7B2D82E3EAFD8002B087F /* KeychainManager.swift */; };
/* End PBXBuildFile section */

/* Begin PBXFileReference section */
		D4BEED902E3EB3EB00A45974 /* SettingsView.swift */ = {isa = PBXFileReference; fileEncoding = 4; lastKnownFileType = sourcecode.swift; path = SettingsView.swift; sourceTree = "<group>"; };
		D4C7B2A42E3E205A002B087F /* ecp-client.app */ = {isa = PBXFileReference; explicitFileType = wrapper.application; includeInIndex = 0; path = "ecp-client.app"; sourceTree = BUILT_PRODUCTS_DIR; };
		D4C7B2A72E3E205A002B087F /* ecp_clientApp.swift */ = {isa = PBXFileReference; lastKnownFileType = sourcecode.swift; path = ecp_clientApp.swift; sourceTree = "<group>"; };
		D4C7B2A92E3E205A002B087F /* ContentView.swift */ = {isa = PBXFileReference; lastKnownFileType = sourcecode.swift; path = ContentView.swift; sourceTree = "<group>"; };
		D4C7B2AB2E3E205C002B087F /* Assets.xcassets */ = {isa = PBXFileReference; lastKnownFileType = folder.assetcatalog; path = Assets.xcassets; sourceTree = "<group>"; };
		D4C7B2AE2E3E205C002B087F /* Preview Assets.xcassets */ = {isa = PBXFileReference; lastKnownFileType = folder.assetcatalog; path = "Preview Assets.xcassets"; sourceTree = "<group>"; };
		D4C7B2B82E3E2C62002B087F /* ComposeCommentView.swift */ = {isa = PBXFileReference; lastKnownFileType = sourcecode.swift; path = ComposeCommentView.swift; sourceTree = "<group>"; };
		D4C7B2BD2E3E3BA6002B087F /* Blockies.swift */ = {isa = PBXFileReference; fileEncoding = 4; lastKnownFileType = sourcecode.swift; path = Blockies.swift; sourceTree = "<group>"; };
		D4C7B2BF2E3E67D9002B087F /* UserDetailView.swift */ = {isa = PBXFileReference; fileEncoding = 4; lastKnownFileType = sourcecode.swift; path = UserDetailView.swift; sourceTree = "<group>"; };
		D4C7B2C12E3E9DB5002B087F /* BlockiesAvatarView.swift */ = {isa = PBXFileReference; fileEncoding = 4; lastKnownFileType = sourcecode.swift; path = BlockiesAvatarView.swift; sourceTree = "<group>"; };
		D4C7B2C32E3E9DBB002B087F /* ContentParser.swift */ = {isa = PBXFileReference; fileEncoding = 4; lastKnownFileType = sourcecode.swift; path = ContentParser.swift; sourceTree = "<group>"; };
		D4C7B2C52E3E9DD8002B087F /* CommentSkeletonView.swift */ = {isa = PBXFileReference; fileEncoding = 4; lastKnownFileType = sourcecode.swift; path = CommentSkeletonView.swift; sourceTree = "<group>"; };
		D4C7B2C62E3E9DD8002B087F /* ReferenceChip.swift */ = {isa = PBXFileReference; fileEncoding = 4; lastKnownFileType = sourcecode.swift; path = ReferenceChip.swift; sourceTree = "<group>"; };
		D4C7B2C72E3E9DD8002B087F /* RepliesView.swift */ = {isa = PBXFileReference; fileEncoding = 4; lastKnownFileType = sourcecode.swift; path = RepliesView.swift; sourceTree = "<group>"; };
		D4C7B2C92E3E9DD8002B087F /* CommentRowView.swift */ = {isa = PBXFileReference; fileEncoding = 4; lastKnownFileType = sourcecode.swift; path = CommentRowView.swift; sourceTree = "<group>"; };
		D4C7B2CA2E3E9DD8002B087F /* ParsedContentView.swift */ = {isa = PBXFileReference; fileEncoding = 4; lastKnownFileType = sourcecode.swift; path = ParsedContentView.swift; sourceTree = "<group>"; };
		D4C7B2D82E3EAFD8002B087F /* KeychainManager.swift */ = {isa = PBXFileReference; fileEncoding = 4; lastKnownFileType = sourcecode.swift; path = KeychainManager.swift; sourceTree = "<group>"; };
/* End PBXFileReference section */

/* Begin PBXFrameworksBuildPhase section */
		D4C7B2A12E3E205A002B087F /* Frameworks */ = {
			isa = PBXFrameworksBuildPhase;
			buildActionMask = 2147483647;
			files = (
				D4C7B2D52E3EACF7002B087F /* Web3ContractABI in Frameworks */,
				D4C7B2D72E3EACF7002B087F /* Web3PromiseKit in Frameworks */,
				D4C7B2D32E3EACF7002B087F /* Web3 in Frameworks */,
			);
			runOnlyForDeploymentPostprocessing = 0;
		};
/* End PBXFrameworksBuildPhase section */

/* Begin PBXGroup section */
		D4C7B29B2E3E205A002B087F = {
			isa = PBXGroup;
			children = (
				D4C7B2A62E3E205A002B087F /* ecp-client */,
				D4C7B2A52E3E205A002B087F /* Products */,
			);
			sourceTree = "<group>";
		};
		D4C7B2A52E3E205A002B087F /* Products */ = {
			isa = PBXGroup;
			children = (
				D4C7B2A42E3E205A002B087F /* ecp-client.app */,
			);
			name = Products;
			sourceTree = "<group>";
		};
		D4C7B2A62E3E205A002B087F /* ecp-client */ = {
			isa = PBXGroup;
			children = (
				D4C7B2A72E3E205A002B087F /* ecp_clientApp.swift */,
				D4C7B2A92E3E205A002B087F /* ContentView.swift */,
				D4C7B2BD2E3E3BA6002B087F /* Blockies.swift */,
				D4C7B2B82E3E2C62002B087F /* ComposeCommentView.swift */,
				D4C7B2C92E3E9DD8002B087F /* CommentRowView.swift */,
				D4C7B2C52E3E9DD8002B087F /* CommentSkeletonView.swift */,
				D4C7B2CA2E3E9DD8002B087F /* ParsedContentView.swift */,
				D4C7B2D82E3EAFD8002B087F /* KeychainManager.swift */,
				D4C7B2C62E3E9DD8002B087F /* ReferenceChip.swift */,
				D4BEED902E3EB3EB00A45974 /* SettingsView.swift */,
				D4C7B2C72E3E9DD8002B087F /* RepliesView.swift */,
				D4C7B2C12E3E9DB5002B087F /* BlockiesAvatarView.swift */,
				D4C7B2C32E3E9DBB002B087F /* ContentParser.swift */,
				D4C7B2BF2E3E67D9002B087F /* UserDetailView.swift */,
				D4C7B2AB2E3E205C002B087F /* Assets.xcassets */,
				D4C7B2AD2E3E205C002B087F /* Preview Content */,
			);
			path = "ecp-client";
			sourceTree = "<group>";
		};
		D4C7B2AD2E3E205C002B087F /* Preview Content */ = {
			isa = PBXGroup;
			children = (
				D4C7B2AE2E3E205C002B087F /* Preview Assets.xcassets */,
			);
			path = "Preview Content";
			sourceTree = "<group>";
		};
/* End PBXGroup section */

/* Begin PBXNativeTarget section */
		D4C7B2A32E3E205A002B087F /* ecp-client */ = {
			isa = PBXNativeTarget;
			buildConfigurationList = D4C7B2B22E3E205C002B087F /* Build configuration list for PBXNativeTarget "ecp-client" */;
			buildPhases = (
				D4C7B2A02E3E205A002B087F /* Sources */,
				D4C7B2A12E3E205A002B087F /* Frameworks */,
				D4C7B2A22E3E205A002B087F /* Resources */,
			);
			buildRules = (
			);
			dependencies = (
			);
			name = "ecp-client";
			packageProductDependencies = (
				D4C7B2D22E3EACF7002B087F /* Web3 */,
				D4C7B2D42E3EACF7002B087F /* Web3ContractABI */,
				D4C7B2D62E3EACF7002B087F /* Web3PromiseKit */,
			);
			productName = "ecp-client";
			productReference = D4C7B2A42E3E205A002B087F /* ecp-client.app */;
			productType = "com.apple.product-type.application";
		};
/* End PBXNativeTarget section */

/* Begin PBXProject section */
		D4C7B29C2E3E205A002B087F /* Project object */ = {
			isa = PBXProject;
			attributes = {
				BuildIndependentTargetsInParallel = 1;
				LastSwiftUpdateCheck = 1530;
				LastUpgradeCheck = 1530;
				TargetAttributes = {
					D4C7B2A32E3E205A002B087F = {
						CreatedOnToolsVersion = 15.3;
					};
				};
			};
			buildConfigurationList = D4C7B29F2E3E205A002B087F /* Build configuration list for PBXProject "ecp-client" */;
			compatibilityVersion = "Xcode 14.0";
			developmentRegion = en;
			hasScannedForEncodings = 0;
			knownRegions = (
				en,
				Base,
			);
			mainGroup = D4C7B29B2E3E205A002B087F;
			packageReferences = (
				D4C7B2D12E3EACF7002B087F /* XCRemoteSwiftPackageReference "Web3.swift" */,
			);
			productRefGroup = D4C7B2A52E3E205A002B087F /* Products */;
			projectDirPath = "";
			projectRoot = "";
			targets = (
				D4C7B2A32E3E205A002B087F /* ecp-client */,
			);
		};
/* End PBXProject section */

/* Begin PBXResourcesBuildPhase section */
		D4C7B2A22E3E205A002B087F /* Resources */ = {
			isa = PBXResourcesBuildPhase;
			buildActionMask = 2147483647;
			files = (
				D4C7B2AF2E3E205C002B087F /* Preview Assets.xcassets in Resources */,
				D4C7B2AC2E3E205C002B087F /* Assets.xcassets in Resources */,
			);
			runOnlyForDeploymentPostprocessing = 0;
		};
/* End PBXResourcesBuildPhase section */

/* Begin PBXSourcesBuildPhase section */
		D4C7B2A02E3E205A002B087F /* Sources */ = {
			isa = PBXSourcesBuildPhase;
			buildActionMask = 2147483647;
			files = (
				D4C7B2D92E3EAFD9002B087F /* KeychainManager.swift in Sources */,
				D4C7B2CF2E3E9DD8002B087F /* CommentRowView.swift in Sources */,
				D4C7B2AA2E3E205A002B087F /* ContentView.swift in Sources */,
				D4C7B2A82E3E205A002B087F /* ecp_clientApp.swift in Sources */,
				D4C7B2CB2E3E9DD8002B087F /* CommentSkeletonView.swift in Sources */,
				D4C7B2CD2E3E9DD8002B087F /* RepliesView.swift in Sources */,
				D4C7B2CC2E3E9DD8002B087F /* ReferenceChip.swift in Sources */,
				D4BEED912E3EB3EB00A45974 /* SettingsView.swift in Sources */,
				D4C7B2BE2E3E3BA6002B087F /* Blockies.swift in Sources */,
				D4C7B2C22E3E9DB5002B087F /* BlockiesAvatarView.swift in Sources */,
				D4C7B2D02E3E9DD8002B087F /* ParsedContentView.swift in Sources */,
				D4C7B2C02E3E67D9002B087F /* UserDetailView.swift in Sources */,
				D4C7B2C42E3E9DBB002B087F /* ContentParser.swift in Sources */,
				D4C7B2B92E3E2C62002B087F /* ComposeCommentView.swift in Sources */,
			);
			runOnlyForDeploymentPostprocessing = 0;
		};
/* End PBXSourcesBuildPhase section */

/* Begin XCBuildConfiguration section */
		D4C7B2B02E3E205C002B087F /* Debug */ = {
			isa = XCBuildConfiguration;
			buildSettings = {
				ALWAYS_SEARCH_USER_PATHS = NO;
				ASSETCATALOG_COMPILER_GENERATE_SWIFT_ASSET_SYMBOL_EXTENSIONS = YES;
				CLANG_ANALYZER_NONNULL = YES;
				CLANG_ANALYZER_NUMBER_OBJECT_CONVERSION = YES_AGGRESSIVE;
				CLANG_CXX_LANGUAGE_STANDARD = "gnu++20";
				CLANG_ENABLE_MODULES = YES;
				CLANG_ENABLE_OBJC_ARC = YES;
				CLANG_ENABLE_OBJC_WEAK = YES;
				CLANG_WARN_BLOCK_CAPTURE_AUTORELEASING = YES;
				CLANG_WARN_BOOL_CONVERSION = YES;
				CLANG_WARN_COMMA = YES;
				CLANG_WARN_CONSTANT_CONVERSION = YES;
				CLANG_WARN_DEPRECATED_OBJC_IMPLEMENTATIONS = YES;
				CLANG_WARN_DIRECT_OBJC_ISA_USAGE = YES_ERROR;
				CLANG_WARN_DOCUMENTATION_COMMENTS = YES;
				CLANG_WARN_EMPTY_BODY = YES;
				CLANG_WARN_ENUM_CONVERSION = YES;
				CLANG_WARN_INFINITE_RECURSION = YES;
				CLANG_WARN_INT_CONVERSION = YES;
				CLANG_WARN_NON_LITERAL_NULL_CONVERSION = YES;
				CLANG_WARN_OBJC_IMPLICIT_RETAIN_SELF = YES;
				CLANG_WARN_OBJC_LITERAL_CONVERSION = YES;
				CLANG_WARN_OBJC_ROOT_CLASS = YES_ERROR;
				CLANG_WARN_QUOTED_INCLUDE_IN_FRAMEWORK_HEADER = YES;
				CLANG_WARN_RANGE_LOOP_ANALYSIS = YES;
				CLANG_WARN_STRICT_PROTOTYPES = YES;
				CLANG_WARN_SUSPICIOUS_MOVE = YES;
				CLANG_WARN_UNGUARDED_AVAILABILITY = YES_AGGRESSIVE;
				CLANG_WARN_UNREACHABLE_CODE = YES;
				CLANG_WARN__DUPLICATE_METHOD_MATCH = YES;
				COPY_PHASE_STRIP = NO;
				DEBUG_INFORMATION_FORMAT = dwarf;
				ENABLE_STRICT_OBJC_MSGSEND = YES;
				ENABLE_TESTABILITY = YES;
				ENABLE_USER_SCRIPT_SANDBOXING = YES;
				GCC_C_LANGUAGE_STANDARD = gnu17;
				GCC_DYNAMIC_NO_PIC = NO;
				GCC_NO_COMMON_BLOCKS = YES;
				GCC_OPTIMIZATION_LEVEL = 0;
				GCC_PREPROCESSOR_DEFINITIONS = (
					"DEBUG=1",
					"$(inherited)",
				);
				GCC_WARN_64_TO_32_BIT_CONVERSION = YES;
				GCC_WARN_ABOUT_RETURN_TYPE = YES_ERROR;
				GCC_WARN_UNDECLARED_SELECTOR = YES;
				GCC_WARN_UNINITIALIZED_AUTOS = YES_AGGRESSIVE;
				GCC_WARN_UNUSED_FUNCTION = YES;
				GCC_WARN_UNUSED_VARIABLE = YES;
				IPHONEOS_DEPLOYMENT_TARGET = 17.4;
				LOCALIZATION_PREFERS_STRING_CATALOGS = YES;
				MTL_ENABLE_DEBUG_INFO = INCLUDE_SOURCE;
				MTL_FAST_MATH = YES;
				ONLY_ACTIVE_ARCH = YES;
				SDKROOT = iphoneos;
				SWIFT_ACTIVE_COMPILATION_CONDITIONS = "DEBUG $(inherited)";
				SWIFT_OPTIMIZATION_LEVEL = "-Onone";
			};
			name = Debug;
		};
		D4C7B2B12E3E205C002B087F /* Release */ = {
			isa = XCBuildConfiguration;
			buildSettings = {
				ALWAYS_SEARCH_USER_PATHS = NO;
				ASSETCATALOG_COMPILER_GENERATE_SWIFT_ASSET_SYMBOL_EXTENSIONS = YES;
				CLANG_ANALYZER_NONNULL = YES;
				CLANG_ANALYZER_NUMBER_OBJECT_CONVERSION = YES_AGGRESSIVE;
				CLANG_CXX_LANGUAGE_STANDARD = "gnu++20";
				CLANG_ENABLE_MODULES = YES;
				CLANG_ENABLE_OBJC_ARC = YES;
				CLANG_ENABLE_OBJC_WEAK = YES;
				CLANG_WARN_BLOCK_CAPTURE_AUTORELEASING = YES;
				CLANG_WARN_BOOL_CONVERSION = YES;
				CLANG_WARN_COMMA = YES;
				CLANG_WARN_CONSTANT_CONVERSION = YES;
				CLANG_WARN_DEPRECATED_OBJC_IMPLEMENTATIONS = YES;
				CLANG_WARN_DIRECT_OBJC_ISA_USAGE = YES_ERROR;
				CLANG_WARN_DOCUMENTATION_COMMENTS = YES;
				CLANG_WARN_EMPTY_BODY = YES;
				CLANG_WARN_ENUM_CONVERSION = YES;
				CLANG_WARN_INFINITE_RECURSION = YES;
				CLANG_WARN_INT_CONVERSION = YES;
				CLANG_WARN_NON_LITERAL_NULL_CONVERSION = YES;
				CLANG_WARN_OBJC_IMPLICIT_RETAIN_SELF = YES;
				CLANG_WARN_OBJC_LITERAL_CONVERSION = YES;
				CLANG_WARN_OBJC_ROOT_CLASS = YES_ERROR;
				CLANG_WARN_QUOTED_INCLUDE_IN_FRAMEWORK_HEADER = YES;
				CLANG_WARN_RANGE_LOOP_ANALYSIS = YES;
				CLANG_WARN_STRICT_PROTOTYPES = YES;
				CLANG_WARN_SUSPICIOUS_MOVE = YES;
				CLANG_WARN_UNGUARDED_AVAILABILITY = YES_AGGRESSIVE;
				CLANG_WARN_UNREACHABLE_CODE = YES;
				CLANG_WARN__DUPLICATE_METHOD_MATCH = YES;
				COPY_PHASE_STRIP = NO;
				DEBUG_INFORMATION_FORMAT = "dwarf-with-dsym";
				ENABLE_NS_ASSERTIONS = NO;
				ENABLE_STRICT_OBJC_MSGSEND = YES;
				ENABLE_USER_SCRIPT_SANDBOXING = YES;
				GCC_C_LANGUAGE_STANDARD = gnu17;
				GCC_NO_COMMON_BLOCKS = YES;
				GCC_WARN_64_TO_32_BIT_CONVERSION = YES;
				GCC_WARN_ABOUT_RETURN_TYPE = YES_ERROR;
				GCC_WARN_UNDECLARED_SELECTOR = YES;
				GCC_WARN_UNINITIALIZED_AUTOS = YES_AGGRESSIVE;
				GCC_WARN_UNUSED_FUNCTION = YES;
				GCC_WARN_UNUSED_VARIABLE = YES;
				IPHONEOS_DEPLOYMENT_TARGET = 17.4;
				LOCALIZATION_PREFERS_STRING_CATALOGS = YES;
				MTL_ENABLE_DEBUG_INFO = NO;
				MTL_FAST_MATH = YES;
				SDKROOT = iphoneos;
				SWIFT_COMPILATION_MODE = wholemodule;
				VALIDATE_PRODUCT = YES;
			};
			name = Release;
		};
		D4C7B2B32E3E205C002B087F /* Debug */ = {
			isa = XCBuildConfiguration;
			buildSettings = {
				ASSETCATALOG_COMPILER_APPICON_NAME = AppIcon;
				ASSETCATALOG_COMPILER_GLOBAL_ACCENT_COLOR_NAME = AccentColor;
				CODE_SIGN_STYLE = Automatic;
				CURRENT_PROJECT_VERSION = 1;
				DEVELOPMENT_ASSET_PATHS = "\"ecp-client/Preview Content\"";
				DEVELOPMENT_TEAM = 6JKMV57Y77;
				ENABLE_PREVIEWS = YES;
				GENERATE_INFOPLIST_FILE = YES;
				INFOPLIST_KEY_UIApplicationSceneManifest_Generation = YES;
				INFOPLIST_KEY_UIApplicationSupportsIndirectInputEvents = YES;
				INFOPLIST_KEY_UILaunchScreen_Generation = YES;
				INFOPLIST_KEY_UISupportedInterfaceOrientations_iPad = "UIInterfaceOrientationPortrait UIInterfaceOrientationPortraitUpsideDown UIInterfaceOrientationLandscapeLeft UIInterfaceOrientationLandscapeRight";
				INFOPLIST_KEY_UISupportedInterfaceOrientations_iPhone = "UIInterfaceOrientationPortrait UIInterfaceOrientationLandscapeLeft UIInterfaceOrientationLandscapeRight";
				LD_RUNPATH_SEARCH_PATHS = (
					"$(inherited)",
					"@executable_path/Frameworks",
				);
				MARKETING_VERSION = 1.0;
				PRODUCT_BUNDLE_IDENTIFIER = "co.za.stephancill.ecp-client";
				PRODUCT_NAME = "$(TARGET_NAME)";
				SWIFT_EMIT_LOC_STRINGS = YES;
				SWIFT_VERSION = 5.0;
				TARGETED_DEVICE_FAMILY = "1,2";
			};
			name = Debug;
		};
		D4C7B2B42E3E205C002B087F /* Release */ = {
			isa = XCBuildConfiguration;
			buildSettings = {
				ASSETCATALOG_COMPILER_APPICON_NAME = AppIcon;
				ASSETCATALOG_COMPILER_GLOBAL_ACCENT_COLOR_NAME = AccentColor;
				CODE_SIGN_STYLE = Automatic;
				CURRENT_PROJECT_VERSION = 1;
				DEVELOPMENT_ASSET_PATHS = "\"ecp-client/Preview Content\"";
				DEVELOPMENT_TEAM = 6JKMV57Y77;
				ENABLE_PREVIEWS = YES;
				GENERATE_INFOPLIST_FILE = YES;
				INFOPLIST_KEY_UIApplicationSceneManifest_Generation = YES;
				INFOPLIST_KEY_UIApplicationSupportsIndirectInputEvents = YES;
				INFOPLIST_KEY_UILaunchScreen_Generation = YES;
				INFOPLIST_KEY_UISupportedInterfaceOrientations_iPad = "UIInterfaceOrientationPortrait UIInterfaceOrientationPortraitUpsideDown UIInterfaceOrientationLandscapeLeft UIInterfaceOrientationLandscapeRight";
				INFOPLIST_KEY_UISupportedInterfaceOrientations_iPhone = "UIInterfaceOrientationPortrait UIInterfaceOrientationLandscapeLeft UIInterfaceOrientationLandscapeRight";
				LD_RUNPATH_SEARCH_PATHS = (
					"$(inherited)",
					"@executable_path/Frameworks",
				);
				MARKETING_VERSION = 1.0;
				PRODUCT_BUNDLE_IDENTIFIER = "co.za.stephancill.ecp-client";
				PRODUCT_NAME = "$(TARGET_NAME)";
				SWIFT_EMIT_LOC_STRINGS = YES;
				SWIFT_VERSION = 5.0;
				TARGETED_DEVICE_FAMILY = "1,2";
			};
			name = Release;
		};
/* End XCBuildConfiguration section */

/* Begin XCConfigurationList section */
		D4C7B29F2E3E205A002B087F /* Build configuration list for PBXProject "ecp-client" */ = {
			isa = XCConfigurationList;
			buildConfigurations = (
				D4C7B2B02E3E205C002B087F /* Debug */,
				D4C7B2B12E3E205C002B087F /* Release */,
			);
			defaultConfigurationIsVisible = 0;
			defaultConfigurationName = Release;
		};
		D4C7B2B22E3E205C002B087F /* Build configuration list for PBXNativeTarget "ecp-client" */ = {
			isa = XCConfigurationList;
			buildConfigurations = (
				D4C7B2B32E3E205C002B087F /* Debug */,
				D4C7B2B42E3E205C002B087F /* Release */,
			);
			defaultConfigurationIsVisible = 0;
			defaultConfigurationName = Release;
		};
/* End XCConfigurationList section */

/* Begin XCRemoteSwiftPackageReference section */
		D4C7B2D12E3EACF7002B087F /* XCRemoteSwiftPackageReference "Web3.swift" */ = {
			isa = XCRemoteSwiftPackageReference;
			repositoryURL = "https://github.com/Boilertalk/Web3.swift.git";
			requirement = {
				kind = upToNextMajorVersion;
				minimumVersion = 0.8.8;
			};
		};
/* End XCRemoteSwiftPackageReference section */

/* Begin XCSwiftPackageProductDependency section */
		D4C7B2D22E3EACF7002B087F /* Web3 */ = {
			isa = XCSwiftPackageProductDependency;
			package = D4C7B2D12E3EACF7002B087F /* XCRemoteSwiftPackageReference "Web3.swift" */;
			productName = Web3;
		};
		D4C7B2D42E3EACF7002B087F /* Web3ContractABI */ = {
			isa = XCSwiftPackageProductDependency;
			package = D4C7B2D12E3EACF7002B087F /* XCRemoteSwiftPackageReference "Web3.swift" */;
			productName = Web3ContractABI;
		};
		D4C7B2D62E3EACF7002B087F /* Web3PromiseKit */ = {
			isa = XCSwiftPackageProductDependency;
			package = D4C7B2D12E3EACF7002B087F /* XCRemoteSwiftPackageReference "Web3.swift" */;
			productName = Web3PromiseKit;
		};
/* End XCSwiftPackageProductDependency section */
	};
	rootObject = D4C7B29C2E3E205A002B087F /* Project object */;
}
